// !$*UTF8*$!
{
	archiveVersion = 1;
	classes = {
	};
	objectVersion = 56;
	objects = {

/* Begin PBXBuildFile section */
		D56AF3FC2AAD38110087EE26 /* searchBar.swift in Sources */ = {isa = PBXBuildFile; fileRef = D56AF3FB2AAD38110087EE26 /* searchBar.swift */; };
		D56AF3FE2AAD38380087EE26 /* protocolPreviewContainer.swift in Sources */ = {isa = PBXBuildFile; fileRef = D56AF3FD2AAD38380087EE26 /* protocolPreviewContainer.swift */; };
		D56AF4012AAD413D0087EE26 /* protocolDataManager.swift in Sources */ = {isa = PBXBuildFile; fileRef = D56AF4002AAD413D0087EE26 /* protocolDataManager.swift */; };
		D56AF4032AAD42460087EE26 /* mainProtocolList.swift in Sources */ = {isa = PBXBuildFile; fileRef = D56AF4022AAD42460087EE26 /* mainProtocolList.swift */; };
		D56AF4052AAD49A70087EE26 /* imageView.swift in Sources */ = {isa = PBXBuildFile; fileRef = D56AF4042AAD49A70087EE26 /* imageView.swift */; };
		D56AF4072AAD4ABF0087EE26 /* formatNumbers.swift in Sources */ = {isa = PBXBuildFile; fileRef = D56AF4062AAD4ABF0087EE26 /* formatNumbers.swift */; };
		D56AF4092AAD53990087EE26 /* chainTabSelector.swift in Sources */ = {isa = PBXBuildFile; fileRef = D56AF4082AAD53990087EE26 /* chainTabSelector.swift */; };
		D56AF40C2AAD55700087EE26 /* protocolSheetIndex.swift in Sources */ = {isa = PBXBuildFile; fileRef = D56AF40B2AAD55700087EE26 /* protocolSheetIndex.swift */; };
		D56AF40E2AAD5B2E0087EE26 /* chainIcons.xcassets in Resources */ = {isa = PBXBuildFile; fileRef = D56AF40D2AAD5B2E0087EE26 /* chainIcons.xcassets */; };
		D57E3C252AAD63C100110787 /* tvlDataModel.swift in Sources */ = {isa = PBXBuildFile; fileRef = D57E3C242AAD63C100110787 /* tvlDataModel.swift */; };
		D57E3C272AAD66EF00110787 /* specificProtocolDataModel.swift in Sources */ = {isa = PBXBuildFile; fileRef = D57E3C262AAD66EF00110787 /* specificProtocolDataModel.swift */; };
		D57E3C292AAE113E00110787 /* SheetDisplaySelector.swift in Sources */ = {isa = PBXBuildFile; fileRef = D57E3C282AAE113E00110787 /* SheetDisplaySelector.swift */; };
		D57E3C2B2AAE11B500110787 /* MainSheetHeader.swift in Sources */ = {isa = PBXBuildFile; fileRef = D57E3C2A2AAE11B400110787 /* MainSheetHeader.swift */; };
		D57E3C2E2AAE22E000110787 /* ProtocolTVLChart.swift in Sources */ = {isa = PBXBuildFile; fileRef = D57E3C2D2AAE22E000110787 /* ProtocolTVLChart.swift */; };
		D57E3C302AAE298100110787 /* ProtocolAreaChart.swift in Sources */ = {isa = PBXBuildFile; fileRef = D57E3C2F2AAE298100110787 /* ProtocolAreaChart.swift */; };
		D57E3C322AAE3B1100110787 /* protocolChartIndex.swift in Sources */ = {isa = PBXBuildFile; fileRef = D57E3C312AAE3B1100110787 /* protocolChartIndex.swift */; };
		D57E3C352AAE3D3700110787 /* protocolChartContainerHeader.swift in Sources */ = {isa = PBXBuildFile; fileRef = D57E3C342AAE3D3600110787 /* protocolChartContainerHeader.swift */; };
		D57E3C382AAE3E9C00110787 /* mainViewDataManager.swift in Sources */ = {isa = PBXBuildFile; fileRef = D57E3C372AAE3E9C00110787 /* mainViewDataManager.swift */; };
		D57E3C3A2AAE40AE00110787 /* stablecoinDataModel.swift in Sources */ = {isa = PBXBuildFile; fileRef = D57E3C392AAE40AE00110787 /* stablecoinDataModel.swift */; };
		D57E3C3D2AAE418500110787 /* stablecoinDataManager.swift in Sources */ = {isa = PBXBuildFile; fileRef = D57E3C3C2AAE418500110787 /* stablecoinDataManager.swift */; };
		D57E3C422AAE568500110787 /* selectedCategoryObject.swift in Sources */ = {isa = PBXBuildFile; fileRef = D57E3C412AAE568500110787 /* selectedCategoryObject.swift */; };
		D57E3C442AAE593E00110787 /* stableCoinPreviewContainer.swift in Sources */ = {isa = PBXBuildFile; fileRef = D57E3C432AAE593E00110787 /* stableCoinPreviewContainer.swift */; };
		D57E3C462AAE5E7100110787 /* stablecoinSheetDisplay.swift in Sources */ = {isa = PBXBuildFile; fileRef = D57E3C452AAE5E7100110787 /* stablecoinSheetDisplay.swift */; };
		D57E3C482AAE62F100110787 /* stablecoinSheetViewModel.swift in Sources */ = {isa = PBXBuildFile; fileRef = D57E3C472AAE62F100110787 /* stablecoinSheetViewModel.swift */; };
		D57E3C4A2AAEA3F200110787 /* globalDataByChain.swift in Sources */ = {isa = PBXBuildFile; fileRef = D57E3C492AAEA3F200110787 /* globalDataByChain.swift */; };
		D57E3C4C2AAEA4FA00110787 /* chainDataManager.swift in Sources */ = {isa = PBXBuildFile; fileRef = D57E3C4B2AAEA4FA00110787 /* chainDataManager.swift */; };
		D57E3C4E2AAEADC500110787 /* yieldSheetDisplay.swift in Sources */ = {isa = PBXBuildFile; fileRef = D57E3C4D2AAEADC500110787 /* yieldSheetDisplay.swift */; };
		D57E3C502AAEAE5200110787 /* yieldDataModel.swift in Sources */ = {isa = PBXBuildFile; fileRef = D57E3C4F2AAEAE5200110787 /* yieldDataModel.swift */; };
		D57E3C522AAEB2B000110787 /* YieldPreviewContainer.swift in Sources */ = {isa = PBXBuildFile; fileRef = D57E3C512AAEB2B000110787 /* YieldPreviewContainer.swift */; };
		D57E3C542AAEB2FF00110787 /* yieldDataManager.swift in Sources */ = {isa = PBXBuildFile; fileRef = D57E3C532AAEB2FF00110787 /* yieldDataManager.swift */; };
		D57E3C562AB133C100110787 /* sheetPreloader.swift in Sources */ = {isa = PBXBuildFile; fileRef = D57E3C552AB133C100110787 /* sheetPreloader.swift */; };
		D57E3C592AB133E300110787 /* shimmerConfig.swift in Sources */ = {isa = PBXBuildFile; fileRef = D57E3C582AB133E300110787 /* shimmerConfig.swift */; };
		D57E3C782AB139BE00110787 /* chartPreLoader.swift in Sources */ = {isa = PBXBuildFile; fileRef = D57E3C772AB139BE00110787 /* chartPreLoader.swift */; };
		D57E3C7A2AB139DA00110787 /* chartAnimation.swift in Sources */ = {isa = PBXBuildFile; fileRef = D57E3C792AB139DA00110787 /* chartAnimation.swift */; };
		D5C4873E2AACCD6A0089DE07 /* DefiLlamaApp.swift in Sources */ = {isa = PBXBuildFile; fileRef = D5C4873D2AACCD6A0089DE07 /* DefiLlamaApp.swift */; };
		D5C487402AACCD6A0089DE07 /* ContentView.swift in Sources */ = {isa = PBXBuildFile; fileRef = D5C4873F2AACCD6A0089DE07 /* ContentView.swift */; };
		D5C487422AACCD6B0089DE07 /* Assets.xcassets in Resources */ = {isa = PBXBuildFile; fileRef = D5C487412AACCD6B0089DE07 /* Assets.xcassets */; };
		D5C487452AACCD6B0089DE07 /* Preview Assets.xcassets in Resources */ = {isa = PBXBuildFile; fileRef = D5C487442AACCD6B0089DE07 /* Preview Assets.xcassets */; };
		D5C487552AACD1660089DE07 /* mainViewIndex.swift in Sources */ = {isa = PBXBuildFile; fileRef = D5C487542AACD1660089DE07 /* mainViewIndex.swift */; };
		D5C487572AACD3F10089DE07 /* protocolDataModel.swift in Sources */ = {isa = PBXBuildFile; fileRef = D5C487562AACD3F10089DE07 /* protocolDataModel.swift */; };
		D5C487592AACD5610089DE07 /* allChains.swift in Sources */ = {isa = PBXBuildFile; fileRef = D5C487582AACD5610089DE07 /* allChains.swift */; };
		D5C4875B2AACD65D0089DE07 /* Colors.xcassets in Resources */ = {isa = PBXBuildFile; fileRef = D5C4875A2AACD65D0089DE07 /* Colors.xcassets */; };
		D5C4875D2AACD9300089DE07 /* Colors.swift in Sources */ = {isa = PBXBuildFile; fileRef = D5C4875C2AACD9300089DE07 /* Colors.swift */; };
		D5C4875F2AACDEBF0089DE07 /* mainViewHeader.swift in Sources */ = {isa = PBXBuildFile; fileRef = D5C4875E2AACDEBF0089DE07 /* mainViewHeader.swift */; };
		D5C487642AACE0780089DE07 /* defaultSheetIndex.swift in Sources */ = {isa = PBXBuildFile; fileRef = D5C487632AACE0780089DE07 /* defaultSheetIndex.swift */; };
		D5C487672AACE12E0089DE07 /* spacerStack.swift in Sources */ = {isa = PBXBuildFile; fileRef = D5C487662AACE12E0089DE07 /* spacerStack.swift */; };
		D5ECC39F2AAD032E00D4216B /* placeholderTVL.json in Resources */ = {isa = PBXBuildFile; fileRef = D5ECC39E2AAD032E00D4216B /* placeholderTVL.json */; };
		D5ECC3A12AAD035500D4216B /* tvlChart.swift in Sources */ = {isa = PBXBuildFile; fileRef = D5ECC3A02AAD035500D4216B /* tvlChart.swift */; };
		D5ECC3A32AAD042100D4216B /* tvlChartViewModel.swift in Sources */ = {isa = PBXBuildFile; fileRef = D5ECC3A22AAD042100D4216B /* tvlChartViewModel.swift */; };
		D5ECC3A92AAD10AF00D4216B /* protocolSheetDisplay.swift in Sources */ = {isa = PBXBuildFile; fileRef = D5ECC3A82AAD10AF00D4216B /* protocolSheetDisplay.swift */; };
/* End PBXBuildFile section */

/* Begin PBXFileReference section */
		D56AF3FB2AAD38110087EE26 /* searchBar.swift */ = {isa = PBXFileReference; lastKnownFileType = sourcecode.swift; path = searchBar.swift; sourceTree = "<group>"; };
		D56AF3FD2AAD38380087EE26 /* protocolPreviewContainer.swift */ = {isa = PBXFileReference; lastKnownFileType = sourcecode.swift; path = protocolPreviewContainer.swift; sourceTree = "<group>"; };
		D56AF4002AAD413D0087EE26 /* protocolDataManager.swift */ = {isa = PBXFileReference; lastKnownFileType = sourcecode.swift; path = protocolDataManager.swift; sourceTree = "<group>"; };
		D56AF4022AAD42460087EE26 /* mainProtocolList.swift */ = {isa = PBXFileReference; lastKnownFileType = sourcecode.swift; path = mainProtocolList.swift; sourceTree = "<group>"; };
		D56AF4042AAD49A70087EE26 /* imageView.swift */ = {isa = PBXFileReference; lastKnownFileType = sourcecode.swift; path = imageView.swift; sourceTree = "<group>"; };
		D56AF4062AAD4ABF0087EE26 /* formatNumbers.swift */ = {isa = PBXFileReference; lastKnownFileType = sourcecode.swift; path = formatNumbers.swift; sourceTree = "<group>"; };
		D56AF4082AAD53990087EE26 /* chainTabSelector.swift */ = {isa = PBXFileReference; lastKnownFileType = sourcecode.swift; path = chainTabSelector.swift; sourceTree = "<group>"; };
		D56AF40B2AAD55700087EE26 /* protocolSheetIndex.swift */ = {isa = PBXFileReference; lastKnownFileType = sourcecode.swift; path = protocolSheetIndex.swift; sourceTree = "<group>"; };
		D56AF40D2AAD5B2E0087EE26 /* chainIcons.xcassets */ = {isa = PBXFileReference; lastKnownFileType = folder.assetcatalog; path = chainIcons.xcassets; sourceTree = "<group>"; };
		D57E3C242AAD63C100110787 /* tvlDataModel.swift */ = {isa = PBXFileReference; lastKnownFileType = sourcecode.swift; path = tvlDataModel.swift; sourceTree = "<group>"; };
		D57E3C262AAD66EF00110787 /* specificProtocolDataModel.swift */ = {isa = PBXFileReference; lastKnownFileType = sourcecode.swift; path = specificProtocolDataModel.swift; sourceTree = "<group>"; };
		D57E3C282AAE113E00110787 /* SheetDisplaySelector.swift */ = {isa = PBXFileReference; lastKnownFileType = sourcecode.swift; path = SheetDisplaySelector.swift; sourceTree = "<group>"; };
		D57E3C2A2AAE11B400110787 /* MainSheetHeader.swift */ = {isa = PBXFileReference; lastKnownFileType = sourcecode.swift; path = MainSheetHeader.swift; sourceTree = "<group>"; };
		D57E3C2D2AAE22E000110787 /* ProtocolTVLChart.swift */ = {isa = PBXFileReference; lastKnownFileType = sourcecode.swift; path = ProtocolTVLChart.swift; sourceTree = "<group>"; };
		D57E3C2F2AAE298100110787 /* ProtocolAreaChart.swift */ = {isa = PBXFileReference; lastKnownFileType = sourcecode.swift; path = ProtocolAreaChart.swift; sourceTree = "<group>"; };
		D57E3C312AAE3B1100110787 /* protocolChartIndex.swift */ = {isa = PBXFileReference; lastKnownFileType = sourcecode.swift; path = protocolChartIndex.swift; sourceTree = "<group>"; };
		D57E3C342AAE3D3600110787 /* protocolChartContainerHeader.swift */ = {isa = PBXFileReference; lastKnownFileType = sourcecode.swift; path = protocolChartContainerHeader.swift; sourceTree = "<group>"; };
		D57E3C372AAE3E9C00110787 /* mainViewDataManager.swift */ = {isa = PBXFileReference; lastKnownFileType = sourcecode.swift; path = mainViewDataManager.swift; sourceTree = "<group>"; };
		D57E3C392AAE40AE00110787 /* stablecoinDataModel.swift */ = {isa = PBXFileReference; lastKnownFileType = sourcecode.swift; path = stablecoinDataModel.swift; sourceTree = "<group>"; };
		D57E3C3C2AAE418500110787 /* stablecoinDataManager.swift */ = {isa = PBXFileReference; lastKnownFileType = sourcecode.swift; path = stablecoinDataManager.swift; sourceTree = "<group>"; };
		D57E3C412AAE568500110787 /* selectedCategoryObject.swift */ = {isa = PBXFileReference; lastKnownFileType = sourcecode.swift; path = selectedCategoryObject.swift; sourceTree = "<group>"; };
		D57E3C432AAE593E00110787 /* stableCoinPreviewContainer.swift */ = {isa = PBXFileReference; lastKnownFileType = sourcecode.swift; path = stableCoinPreviewContainer.swift; sourceTree = "<group>"; };
		D57E3C452AAE5E7100110787 /* stablecoinSheetDisplay.swift */ = {isa = PBXFileReference; lastKnownFileType = sourcecode.swift; path = stablecoinSheetDisplay.swift; sourceTree = "<group>"; };
		D57E3C472AAE62F100110787 /* stablecoinSheetViewModel.swift */ = {isa = PBXFileReference; lastKnownFileType = sourcecode.swift; path = stablecoinSheetViewModel.swift; sourceTree = "<group>"; };
		D57E3C492AAEA3F200110787 /* globalDataByChain.swift */ = {isa = PBXFileReference; lastKnownFileType = sourcecode.swift; path = globalDataByChain.swift; sourceTree = "<group>"; };
		D57E3C4B2AAEA4FA00110787 /* chainDataManager.swift */ = {isa = PBXFileReference; lastKnownFileType = sourcecode.swift; path = chainDataManager.swift; sourceTree = "<group>"; };
		D57E3C4D2AAEADC500110787 /* yieldSheetDisplay.swift */ = {isa = PBXFileReference; lastKnownFileType = sourcecode.swift; path = yieldSheetDisplay.swift; sourceTree = "<group>"; };
		D57E3C4F2AAEAE5200110787 /* yieldDataModel.swift */ = {isa = PBXFileReference; lastKnownFileType = sourcecode.swift; path = yieldDataModel.swift; sourceTree = "<group>"; };
		D57E3C512AAEB2B000110787 /* YieldPreviewContainer.swift */ = {isa = PBXFileReference; lastKnownFileType = sourcecode.swift; path = YieldPreviewContainer.swift; sourceTree = "<group>"; };
		D57E3C532AAEB2FF00110787 /* yieldDataManager.swift */ = {isa = PBXFileReference; lastKnownFileType = sourcecode.swift; path = yieldDataManager.swift; sourceTree = "<group>"; };
		D57E3C552AB133C100110787 /* sheetPreloader.swift */ = {isa = PBXFileReference; lastKnownFileType = sourcecode.swift; path = sheetPreloader.swift; sourceTree = "<group>"; };
		D57E3C582AB133E300110787 /* shimmerConfig.swift */ = {isa = PBXFileReference; lastKnownFileType = sourcecode.swift; path = shimmerConfig.swift; sourceTree = "<group>"; };
		D57E3C772AB139BE00110787 /* chartPreLoader.swift */ = {isa = PBXFileReference; lastKnownFileType = sourcecode.swift; path = chartPreLoader.swift; sourceTree = "<group>"; };
		D57E3C792AB139DA00110787 /* chartAnimation.swift */ = {isa = PBXFileReference; lastKnownFileType = sourcecode.swift; path = chartAnimation.swift; sourceTree = "<group>"; };
		D5C4873A2AACCD6A0089DE07 /* DefiLlama.app */ = {isa = PBXFileReference; explicitFileType = wrapper.application; includeInIndex = 0; path = DefiLlama.app; sourceTree = BUILT_PRODUCTS_DIR; };
		D5C4873D2AACCD6A0089DE07 /* DefiLlamaApp.swift */ = {isa = PBXFileReference; lastKnownFileType = sourcecode.swift; path = DefiLlamaApp.swift; sourceTree = "<group>"; };
		D5C4873F2AACCD6A0089DE07 /* ContentView.swift */ = {isa = PBXFileReference; lastKnownFileType = sourcecode.swift; path = ContentView.swift; sourceTree = "<group>"; };
		D5C487412AACCD6B0089DE07 /* Assets.xcassets */ = {isa = PBXFileReference; lastKnownFileType = folder.assetcatalog; path = Assets.xcassets; sourceTree = "<group>"; };
		D5C487442AACCD6B0089DE07 /* Preview Assets.xcassets */ = {isa = PBXFileReference; lastKnownFileType = folder.assetcatalog; path = "Preview Assets.xcassets"; sourceTree = "<group>"; };
		D5C487542AACD1660089DE07 /* mainViewIndex.swift */ = {isa = PBXFileReference; lastKnownFileType = sourcecode.swift; path = mainViewIndex.swift; sourceTree = "<group>"; };
		D5C487562AACD3F10089DE07 /* protocolDataModel.swift */ = {isa = PBXFileReference; lastKnownFileType = sourcecode.swift; path = protocolDataModel.swift; sourceTree = "<group>"; };
		D5C487582AACD5610089DE07 /* allChains.swift */ = {isa = PBXFileReference; lastKnownFileType = sourcecode.swift; path = allChains.swift; sourceTree = "<group>"; };
		D5C4875A2AACD65D0089DE07 /* Colors.xcassets */ = {isa = PBXFileReference; lastKnownFileType = folder.assetcatalog; path = Colors.xcassets; sourceTree = "<group>"; };
		D5C4875C2AACD9300089DE07 /* Colors.swift */ = {isa = PBXFileReference; lastKnownFileType = sourcecode.swift; path = Colors.swift; sourceTree = "<group>"; };
		D5C4875E2AACDEBF0089DE07 /* mainViewHeader.swift */ = {isa = PBXFileReference; lastKnownFileType = sourcecode.swift; path = mainViewHeader.swift; sourceTree = "<group>"; };
		D5C487632AACE0780089DE07 /* defaultSheetIndex.swift */ = {isa = PBXFileReference; lastKnownFileType = sourcecode.swift; path = defaultSheetIndex.swift; sourceTree = "<group>"; };
		D5C487662AACE12E0089DE07 /* spacerStack.swift */ = {isa = PBXFileReference; lastKnownFileType = sourcecode.swift; path = spacerStack.swift; sourceTree = "<group>"; };
		D5ECC39E2AAD032E00D4216B /* placeholderTVL.json */ = {isa = PBXFileReference; lastKnownFileType = text.json; path = placeholderTVL.json; sourceTree = "<group>"; };
		D5ECC3A02AAD035500D4216B /* tvlChart.swift */ = {isa = PBXFileReference; lastKnownFileType = sourcecode.swift; path = tvlChart.swift; sourceTree = "<group>"; };
		D5ECC3A22AAD042100D4216B /* tvlChartViewModel.swift */ = {isa = PBXFileReference; lastKnownFileType = sourcecode.swift; path = tvlChartViewModel.swift; sourceTree = "<group>"; };
		D5ECC3A82AAD10AF00D4216B /* protocolSheetDisplay.swift */ = {isa = PBXFileReference; lastKnownFileType = sourcecode.swift; path = protocolSheetDisplay.swift; sourceTree = "<group>"; };
/* End PBXFileReference section */

/* Begin PBXFrameworksBuildPhase section */
		D5C487372AACCD6A0089DE07 /* Frameworks */ = {
			isa = PBXFrameworksBuildPhase;
			buildActionMask = 2147483647;
			files = (
			);
			runOnlyForDeploymentPostprocessing = 0;
		};
/* End PBXFrameworksBuildPhase section */

/* Begin PBXGroup section */
		D56AF3FF2AAD410E0087EE26 /* viewModels */ = {
			isa = PBXGroup;
			children = (
				D57E3C3B2AAE417100110787 /* api */,
				D56AF4062AAD4ABF0087EE26 /* formatNumbers.swift */,
				D57E3C412AAE568500110787 /* selectedCategoryObject.swift */,
			);
			path = viewModels;
			sourceTree = "<group>";
		};
		D56AF40A2AAD555F0087EE26 /* protocolSheet */ = {
			isa = PBXGroup;
			children = (
				D57E3C2C2AAE22D100110787 /* components */,
				D56AF40B2AAD55700087EE26 /* protocolSheetIndex.swift */,
			);
			path = protocolSheet;
			sourceTree = "<group>";
		};
		D57E3C2C2AAE22D100110787 /* components */ = {
			isa = PBXGroup;
			children = (
				D57E3C332AAE3D1F00110787 /* charts */,
				D57E3C2F2AAE298100110787 /* ProtocolAreaChart.swift */,
				D57E3C2D2AAE22E000110787 /* ProtocolTVLChart.swift */,
				D57E3C312AAE3B1100110787 /* protocolChartIndex.swift */,
				D57E3C342AAE3D3600110787 /* protocolChartContainerHeader.swift */,
			);
			path = components;
			sourceTree = "<group>";
		};
		D57E3C332AAE3D1F00110787 /* charts */ = {
			isa = PBXGroup;
			children = (
			);
			path = charts;
			sourceTree = "<group>";
		};
		D57E3C362AAE3E8500110787 /* models */ = {
			isa = PBXGroup;
			children = (
				D57E3C372AAE3E9C00110787 /* mainViewDataManager.swift */,
			);
			path = models;
			sourceTree = "<group>";
		};
		D57E3C3B2AAE417100110787 /* api */ = {
			isa = PBXGroup;
			children = (
				D56AF4002AAD413D0087EE26 /* protocolDataManager.swift */,
				D57E3C3C2AAE418500110787 /* stablecoinDataManager.swift */,
				D57E3C4B2AAEA4FA00110787 /* chainDataManager.swift */,
				D57E3C532AAEB2FF00110787 /* yieldDataManager.swift */,
			);
			path = api;
			sourceTree = "<group>";
		};
		D57E3C402AAE424D00110787 /* views */ = {
			isa = PBXGroup;
			children = (
			);
			path = views;
			sourceTree = "<group>";
		};
		D57E3C572AB133CF00110787 /* preloader */ = {
			isa = PBXGroup;
			children = (
				D57E3C552AB133C100110787 /* sheetPreloader.swift */,
				D57E3C582AB133E300110787 /* shimmerConfig.swift */,
				D57E3C772AB139BE00110787 /* chartPreLoader.swift */,
				D57E3C792AB139DA00110787 /* chartAnimation.swift */,
			);
			path = preloader;
			sourceTree = "<group>";
		};
		D5C487312AACCD6A0089DE07 = {
			isa = PBXGroup;
			children = (
				D5C4873C2AACCD6A0089DE07 /* DefiLlama */,
				D5C4873B2AACCD6A0089DE07 /* Products */,
			);
			sourceTree = "<group>";
		};
		D5C4873B2AACCD6A0089DE07 /* Products */ = {
			isa = PBXGroup;
			children = (
				D5C4873A2AACCD6A0089DE07 /* DefiLlama.app */,
			);
			name = Products;
			sourceTree = "<group>";
		};
		D5C4873C2AACCD6A0089DE07 /* DefiLlama */ = {
			isa = PBXGroup;
			children = (
				D56AF3FF2AAD410E0087EE26 /* viewModels */,
				D5C487652AACE1100089DE07 /* components */,
				D5C4874E2AACD0790089DE07 /* assets */,
				D5C4874D2AACD0690089DE07 /* extensions */,
				D5C4874C2AACD01C0089DE07 /* dataModels */,
				D5C4874B2AACD00E0089DE07 /* views */,
				D5C4873D2AACCD6A0089DE07 /* DefiLlamaApp.swift */,
				D5C4873F2AACCD6A0089DE07 /* ContentView.swift */,
				D5C487432AACCD6B0089DE07 /* Preview Content */,
			);
			path = DefiLlama;
			sourceTree = "<group>";
		};
		D5C487432AACCD6B0089DE07 /* Preview Content */ = {
			isa = PBXGroup;
			children = (
				D5C487442AACCD6B0089DE07 /* Preview Assets.xcassets */,
			);
			path = "Preview Content";
			sourceTree = "<group>";
		};
		D5C4874B2AACD00E0089DE07 /* views */ = {
			isa = PBXGroup;
			children = (
				D56AF40A2AAD555F0087EE26 /* protocolSheet */,
				D5C487602AACE01C0089DE07 /* defaultSheet */,
				D5C487502AACD0B20089DE07 /* mainView */,
			);
			path = views;
			sourceTree = "<group>";
		};
		D5C4874C2AACD01C0089DE07 /* dataModels */ = {
			isa = PBXGroup;
			children = (
				D5C487562AACD3F10089DE07 /* protocolDataModel.swift */,
				D5C487582AACD5610089DE07 /* allChains.swift */,
				D57E3C242AAD63C100110787 /* tvlDataModel.swift */,
				D57E3C262AAD66EF00110787 /* specificProtocolDataModel.swift */,
				D57E3C392AAE40AE00110787 /* stablecoinDataModel.swift */,
				D57E3C492AAEA3F200110787 /* globalDataByChain.swift */,
				D57E3C4F2AAEAE5200110787 /* yieldDataModel.swift */,
			);
			path = dataModels;
			sourceTree = "<group>";
		};
		D5C4874D2AACD0690089DE07 /* extensions */ = {
			isa = PBXGroup;
			children = (
				D5C4875C2AACD9300089DE07 /* Colors.swift */,
			);
			path = extensions;
			sourceTree = "<group>";
		};
		D5C4874E2AACD0790089DE07 /* assets */ = {
			isa = PBXGroup;
			children = (
				D5C487412AACCD6B0089DE07 /* Assets.xcassets */,
				D5C4875A2AACD65D0089DE07 /* Colors.xcassets */,
				D56AF40D2AAD5B2E0087EE26 /* chainIcons.xcassets */,
			);
			path = assets;
			sourceTree = "<group>";
		};
		D5C487502AACD0B20089DE07 /* mainView */ = {
			isa = PBXGroup;
			children = (
				D57E3C402AAE424D00110787 /* views */,
				D57E3C362AAE3E8500110787 /* models */,
				D5C487512AACD0EE0089DE07 /* components */,
				D5C487542AACD1660089DE07 /* mainViewIndex.swift */,
			);
			path = mainView;
			sourceTree = "<group>";
		};
		D5C487512AACD0EE0089DE07 /* components */ = {
			isa = PBXGroup;
			children = (
				D5ECC39D2AAD024500D4216B /* tvlChart */,
				D5C4875E2AACDEBF0089DE07 /* mainViewHeader.swift */,
				D56AF4082AAD53990087EE26 /* chainTabSelector.swift */,
			);
			path = components;
			sourceTree = "<group>";
		};
		D5C487602AACE01C0089DE07 /* defaultSheet */ = {
			isa = PBXGroup;
			children = (
				D5ECC39C2AAD022800D4216B /* displays */,
				D5C487622AACE0600089DE07 /* viewModels */,
				D5C487612AACE0400089DE07 /* components */,
				D5C487632AACE0780089DE07 /* defaultSheetIndex.swift */,
			);
			path = defaultSheet;
			sourceTree = "<group>";
		};
		D5C487612AACE0400089DE07 /* components */ = {
			isa = PBXGroup;
			children = (
				D56AF4022AAD42460087EE26 /* mainProtocolList.swift */,
				D56AF3FD2AAD38380087EE26 /* protocolPreviewContainer.swift */,
				D57E3C282AAE113E00110787 /* SheetDisplaySelector.swift */,
				D57E3C2A2AAE11B400110787 /* MainSheetHeader.swift */,
				D57E3C432AAE593E00110787 /* stableCoinPreviewContainer.swift */,
				D57E3C512AAEB2B000110787 /* YieldPreviewContainer.swift */,
			);
			path = components;
			sourceTree = "<group>";
		};
		D5C487622AACE0600089DE07 /* viewModels */ = {
			isa = PBXGroup;
			children = (
				D57E3C472AAE62F100110787 /* stablecoinSheetViewModel.swift */,
			);
			path = viewModels;
			sourceTree = "<group>";
		};
		D5C487652AACE1100089DE07 /* components */ = {
			isa = PBXGroup;
			children = (
				D57E3C572AB133CF00110787 /* preloader */,
				D5C487662AACE12E0089DE07 /* spacerStack.swift */,
				D56AF3FB2AAD38110087EE26 /* searchBar.swift */,
				D56AF4042AAD49A70087EE26 /* imageView.swift */,
			);
			path = components;
			sourceTree = "<group>";
		};
		D5ECC39C2AAD022800D4216B /* displays */ = {
			isa = PBXGroup;
			children = (
				D5ECC3A82AAD10AF00D4216B /* protocolSheetDisplay.swift */,
				D57E3C452AAE5E7100110787 /* stablecoinSheetDisplay.swift */,
				D57E3C4D2AAEADC500110787 /* yieldSheetDisplay.swift */,
			);
			path = displays;
			sourceTree = "<group>";
		};
		D5ECC39D2AAD024500D4216B /* tvlChart */ = {
			isa = PBXGroup;
			children = (
				D5ECC39E2AAD032E00D4216B /* placeholderTVL.json */,
				D5ECC3A02AAD035500D4216B /* tvlChart.swift */,
				D5ECC3A22AAD042100D4216B /* tvlChartViewModel.swift */,
			);
			path = tvlChart;
			sourceTree = "<group>";
		};
/* End PBXGroup section */

/* Begin PBXNativeTarget section */
		D5C487392AACCD6A0089DE07 /* DefiLlama */ = {
			isa = PBXNativeTarget;
			buildConfigurationList = D5C487482AACCD6B0089DE07 /* Build configuration list for PBXNativeTarget "DefiLlama" */;
			buildPhases = (
				D5C487362AACCD6A0089DE07 /* Sources */,
				D5C487372AACCD6A0089DE07 /* Frameworks */,
				D5C487382AACCD6A0089DE07 /* Resources */,
			);
			buildRules = (
			);
			dependencies = (
			);
			name = DefiLlama;
			productName = DefiLlama;
			productReference = D5C4873A2AACCD6A0089DE07 /* DefiLlama.app */;
			productType = "com.apple.product-type.application";
		};
/* End PBXNativeTarget section */

/* Begin PBXProject section */
		D5C487322AACCD6A0089DE07 /* Project object */ = {
			isa = PBXProject;
			attributes = {
				BuildIndependentTargetsInParallel = 1;
				LastSwiftUpdateCheck = 1430;
				LastUpgradeCheck = 1430;
				TargetAttributes = {
					D5C487392AACCD6A0089DE07 = {
						CreatedOnToolsVersion = 14.3.1;
					};
				};
			};
			buildConfigurationList = D5C487352AACCD6A0089DE07 /* Build configuration list for PBXProject "DefiLlama" */;
			compatibilityVersion = "Xcode 14.0";
			developmentRegion = en;
			hasScannedForEncodings = 0;
			knownRegions = (
				en,
				Base,
			);
			mainGroup = D5C487312AACCD6A0089DE07;
			productRefGroup = D5C4873B2AACCD6A0089DE07 /* Products */;
			projectDirPath = "";
			projectRoot = "";
			targets = (
				D5C487392AACCD6A0089DE07 /* DefiLlama */,
			);
		};
/* End PBXProject section */

/* Begin PBXResourcesBuildPhase section */
		D5C487382AACCD6A0089DE07 /* Resources */ = {
			isa = PBXResourcesBuildPhase;
			buildActionMask = 2147483647;
			files = (
				D5ECC39F2AAD032E00D4216B /* placeholderTVL.json in Resources */,
				D5C4875B2AACD65D0089DE07 /* Colors.xcassets in Resources */,
				D56AF40E2AAD5B2E0087EE26 /* chainIcons.xcassets in Resources */,
				D5C487452AACCD6B0089DE07 /* Preview Assets.xcassets in Resources */,
				D5C487422AACCD6B0089DE07 /* Assets.xcassets in Resources */,
			);
			runOnlyForDeploymentPostprocessing = 0;
		};
/* End PBXResourcesBuildPhase section */

/* Begin PBXSourcesBuildPhase section */
		D5C487362AACCD6A0089DE07 /* Sources */ = {
			isa = PBXSourcesBuildPhase;
			buildActionMask = 2147483647;
			files = (
				D57E3C562AB133C100110787 /* sheetPreloader.swift in Sources */,
				D57E3C7A2AB139DA00110787 /* chartAnimation.swift in Sources */,
				D57E3C502AAEAE5200110787 /* yieldDataModel.swift in Sources */,
				D56AF3FE2AAD38380087EE26 /* protocolPreviewContainer.swift in Sources */,
				D57E3C2B2AAE11B500110787 /* MainSheetHeader.swift in Sources */,
				D57E3C482AAE62F100110787 /* stablecoinSheetViewModel.swift in Sources */,
				D57E3C382AAE3E9C00110787 /* mainViewDataManager.swift in Sources */,
				D5C487672AACE12E0089DE07 /* spacerStack.swift in Sources */,
				D57E3C302AAE298100110787 /* ProtocolAreaChart.swift in Sources */,
				D5C487642AACE0780089DE07 /* defaultSheetIndex.swift in Sources */,
				D57E3C542AAEB2FF00110787 /* yieldDataManager.swift in Sources */,
				D57E3C322AAE3B1100110787 /* protocolChartIndex.swift in Sources */,
				D56AF4072AAD4ABF0087EE26 /* formatNumbers.swift in Sources */,
				D57E3C442AAE593E00110787 /* stableCoinPreviewContainer.swift in Sources */,
				D5C4875F2AACDEBF0089DE07 /* mainViewHeader.swift in Sources */,
				D57E3C272AAD66EF00110787 /* specificProtocolDataModel.swift in Sources */,
				D57E3C4C2AAEA4FA00110787 /* chainDataManager.swift in Sources */,
				D5C487402AACCD6A0089DE07 /* ContentView.swift in Sources */,
				D56AF4092AAD53990087EE26 /* chainTabSelector.swift in Sources */,
				D5C4875D2AACD9300089DE07 /* Colors.swift in Sources */,
				D57E3C4A2AAEA3F200110787 /* globalDataByChain.swift in Sources */,
				D56AF3FC2AAD38110087EE26 /* searchBar.swift in Sources */,
				D57E3C352AAE3D3700110787 /* protocolChartContainerHeader.swift in Sources */,
				D57E3C3A2AAE40AE00110787 /* stablecoinDataModel.swift in Sources */,
				D57E3C4E2AAEADC500110787 /* yieldSheetDisplay.swift in Sources */,
				D5C4873E2AACCD6A0089DE07 /* DefiLlamaApp.swift in Sources */,
				D56AF40C2AAD55700087EE26 /* protocolSheetIndex.swift in Sources */,
				D57E3C592AB133E300110787 /* shimmerConfig.swift in Sources */,
				D5ECC3A32AAD042100D4216B /* tvlChartViewModel.swift in Sources */,
				D57E3C292AAE113E00110787 /* SheetDisplaySelector.swift in Sources */,
				D5ECC3A92AAD10AF00D4216B /* protocolSheetDisplay.swift in Sources */,
				D57E3C422AAE568500110787 /* selectedCategoryObject.swift in Sources */,
				D57E3C3D2AAE418500110787 /* stablecoinDataManager.swift in Sources */,
				D5C487592AACD5610089DE07 /* allChains.swift in Sources */,
				D5ECC3A12AAD035500D4216B /* tvlChart.swift in Sources */,
				D56AF4032AAD42460087EE26 /* mainProtocolList.swift in Sources */,
				D57E3C782AB139BE00110787 /* chartPreLoader.swift in Sources */,
				D57E3C252AAD63C100110787 /* tvlDataModel.swift in Sources */,
				D5C487552AACD1660089DE07 /* mainViewIndex.swift in Sources */,
				D57E3C522AAEB2B000110787 /* YieldPreviewContainer.swift in Sources */,
				D57E3C2E2AAE22E000110787 /* ProtocolTVLChart.swift in Sources */,
				D57E3C462AAE5E7100110787 /* stablecoinSheetDisplay.swift in Sources */,
				D56AF4052AAD49A70087EE26 /* imageView.swift in Sources */,
				D56AF4012AAD413D0087EE26 /* protocolDataManager.swift in Sources */,
				D5C487572AACD3F10089DE07 /* protocolDataModel.swift in Sources */,
			);
			runOnlyForDeploymentPostprocessing = 0;
		};
/* End PBXSourcesBuildPhase section */

/* Begin XCBuildConfiguration section */
		D5C487462AACCD6B0089DE07 /* Debug */ = {
			isa = XCBuildConfiguration;
			buildSettings = {
				ALWAYS_SEARCH_USER_PATHS = NO;
				CLANG_ANALYZER_NONNULL = YES;
				CLANG_ANALYZER_NUMBER_OBJECT_CONVERSION = YES_AGGRESSIVE;
				CLANG_CXX_LANGUAGE_STANDARD = "gnu++20";
				CLANG_ENABLE_MODULES = YES;
				CLANG_ENABLE_OBJC_ARC = YES;
				CLANG_ENABLE_OBJC_WEAK = YES;
				CLANG_WARN_BLOCK_CAPTURE_AUTORELEASING = YES;
				CLANG_WARN_BOOL_CONVERSION = YES;
				CLANG_WARN_COMMA = YES;
				CLANG_WARN_CONSTANT_CONVERSION = YES;
				CLANG_WARN_DEPRECATED_OBJC_IMPLEMENTATIONS = YES;
				CLANG_WARN_DIRECT_OBJC_ISA_USAGE = YES_ERROR;
				CLANG_WARN_DOCUMENTATION_COMMENTS = YES;
				CLANG_WARN_EMPTY_BODY = YES;
				CLANG_WARN_ENUM_CONVERSION = YES;
				CLANG_WARN_INFINITE_RECURSION = YES;
				CLANG_WARN_INT_CONVERSION = YES;
				CLANG_WARN_NON_LITERAL_NULL_CONVERSION = YES;
				CLANG_WARN_OBJC_IMPLICIT_RETAIN_SELF = YES;
				CLANG_WARN_OBJC_LITERAL_CONVERSION = YES;
				CLANG_WARN_OBJC_ROOT_CLASS = YES_ERROR;
				CLANG_WARN_QUOTED_INCLUDE_IN_FRAMEWORK_HEADER = YES;
				CLANG_WARN_RANGE_LOOP_ANALYSIS = YES;
				CLANG_WARN_STRICT_PROTOTYPES = YES;
				CLANG_WARN_SUSPICIOUS_MOVE = YES;
				CLANG_WARN_UNGUARDED_AVAILABILITY = YES_AGGRESSIVE;
				CLANG_WARN_UNREACHABLE_CODE = YES;
				CLANG_WARN__DUPLICATE_METHOD_MATCH = YES;
				COPY_PHASE_STRIP = NO;
				DEBUG_INFORMATION_FORMAT = dwarf;
				ENABLE_STRICT_OBJC_MSGSEND = YES;
				ENABLE_TESTABILITY = YES;
				GCC_C_LANGUAGE_STANDARD = gnu11;
				GCC_DYNAMIC_NO_PIC = NO;
				GCC_NO_COMMON_BLOCKS = YES;
				GCC_OPTIMIZATION_LEVEL = 0;
				GCC_PREPROCESSOR_DEFINITIONS = (
					"DEBUG=1",
					"$(inherited)",
				);
				GCC_WARN_64_TO_32_BIT_CONVERSION = YES;
				GCC_WARN_ABOUT_RETURN_TYPE = YES_ERROR;
				GCC_WARN_UNDECLARED_SELECTOR = YES;
				GCC_WARN_UNINITIALIZED_AUTOS = YES_AGGRESSIVE;
				GCC_WARN_UNUSED_FUNCTION = YES;
				GCC_WARN_UNUSED_VARIABLE = YES;
				IPHONEOS_DEPLOYMENT_TARGET = 16.4;
				MTL_ENABLE_DEBUG_INFO = INCLUDE_SOURCE;
				MTL_FAST_MATH = YES;
				ONLY_ACTIVE_ARCH = YES;
				SDKROOT = iphoneos;
				SWIFT_ACTIVE_COMPILATION_CONDITIONS = DEBUG;
				SWIFT_OPTIMIZATION_LEVEL = "-Onone";
			};
			name = Debug;
		};
		D5C487472AACCD6B0089DE07 /* Release */ = {
			isa = XCBuildConfiguration;
			buildSettings = {
				ALWAYS_SEARCH_USER_PATHS = NO;
				CLANG_ANALYZER_NONNULL = YES;
				CLANG_ANALYZER_NUMBER_OBJECT_CONVERSION = YES_AGGRESSIVE;
				CLANG_CXX_LANGUAGE_STANDARD = "gnu++20";
				CLANG_ENABLE_MODULES = YES;
				CLANG_ENABLE_OBJC_ARC = YES;
				CLANG_ENABLE_OBJC_WEAK = YES;
				CLANG_WARN_BLOCK_CAPTURE_AUTORELEASING = YES;
				CLANG_WARN_BOOL_CONVERSION = YES;
				CLANG_WARN_COMMA = YES;
				CLANG_WARN_CONSTANT_CONVERSION = YES;
				CLANG_WARN_DEPRECATED_OBJC_IMPLEMENTATIONS = YES;
				CLANG_WARN_DIRECT_OBJC_ISA_USAGE = YES_ERROR;
				CLANG_WARN_DOCUMENTATION_COMMENTS = YES;
				CLANG_WARN_EMPTY_BODY = YES;
				CLANG_WARN_ENUM_CONVERSION = YES;
				CLANG_WARN_INFINITE_RECURSION = YES;
				CLANG_WARN_INT_CONVERSION = YES;
				CLANG_WARN_NON_LITERAL_NULL_CONVERSION = YES;
				CLANG_WARN_OBJC_IMPLICIT_RETAIN_SELF = YES;
				CLANG_WARN_OBJC_LITERAL_CONVERSION = YES;
				CLANG_WARN_OBJC_ROOT_CLASS = YES_ERROR;
				CLANG_WARN_QUOTED_INCLUDE_IN_FRAMEWORK_HEADER = YES;
				CLANG_WARN_RANGE_LOOP_ANALYSIS = YES;
				CLANG_WARN_STRICT_PROTOTYPES = YES;
				CLANG_WARN_SUSPICIOUS_MOVE = YES;
				CLANG_WARN_UNGUARDED_AVAILABILITY = YES_AGGRESSIVE;
				CLANG_WARN_UNREACHABLE_CODE = YES;
				CLANG_WARN__DUPLICATE_METHOD_MATCH = YES;
				COPY_PHASE_STRIP = NO;
				DEBUG_INFORMATION_FORMAT = "dwarf-with-dsym";
				ENABLE_NS_ASSERTIONS = NO;
				ENABLE_STRICT_OBJC_MSGSEND = YES;
				GCC_C_LANGUAGE_STANDARD = gnu11;
				GCC_NO_COMMON_BLOCKS = YES;
				GCC_WARN_64_TO_32_BIT_CONVERSION = YES;
				GCC_WARN_ABOUT_RETURN_TYPE = YES_ERROR;
				GCC_WARN_UNDECLARED_SELECTOR = YES;
				GCC_WARN_UNINITIALIZED_AUTOS = YES_AGGRESSIVE;
				GCC_WARN_UNUSED_FUNCTION = YES;
				GCC_WARN_UNUSED_VARIABLE = YES;
				IPHONEOS_DEPLOYMENT_TARGET = 16.4;
				MTL_ENABLE_DEBUG_INFO = NO;
				MTL_FAST_MATH = YES;
				SDKROOT = iphoneos;
				SWIFT_COMPILATION_MODE = wholemodule;
				SWIFT_OPTIMIZATION_LEVEL = "-O";
				VALIDATE_PRODUCT = YES;
			};
			name = Release;
		};
		D5C487492AACCD6B0089DE07 /* Debug */ = {
			isa = XCBuildConfiguration;
			buildSettings = {
				ASSETCATALOG_COMPILER_APPICON_NAME = AppIcon;
				ASSETCATALOG_COMPILER_GLOBAL_ACCENT_COLOR_NAME = AccentColor;
				CODE_SIGN_STYLE = Automatic;
				CURRENT_PROJECT_VERSION = 1;
				DEVELOPMENT_ASSET_PATHS = "\"DefiLlama/Preview Content\"";
				DEVELOPMENT_TEAM = 6QS339B8S5;
				ENABLE_PREVIEWS = YES;
				GENERATE_INFOPLIST_FILE = YES;
				INFOPLIST_KEY_UIApplicationSceneManifest_Generation = YES;
				INFOPLIST_KEY_UIApplicationSupportsIndirectInputEvents = YES;
				INFOPLIST_KEY_UILaunchScreen_Generation = YES;
				INFOPLIST_KEY_UISupportedInterfaceOrientations_iPad = "UIInterfaceOrientationPortrait UIInterfaceOrientationPortraitUpsideDown UIInterfaceOrientationLandscapeLeft UIInterfaceOrientationLandscapeRight";
				INFOPLIST_KEY_UISupportedInterfaceOrientations_iPhone = "UIInterfaceOrientationPortrait UIInterfaceOrientationLandscapeLeft UIInterfaceOrientationLandscapeRight";
				IPHONEOS_DEPLOYMENT_TARGET = 16.4;
				LD_RUNPATH_SEARCH_PATHS = (
					"$(inherited)",
					"@executable_path/Frameworks",
				);
				MARKETING_VERSION = 1.0;
				PRODUCT_BUNDLE_IDENTIFIER = Exceslsior.Holdings.DefiLlama;
				PRODUCT_NAME = "$(TARGET_NAME)";
				SWIFT_EMIT_LOC_STRINGS = YES;
				SWIFT_VERSION = 5.0;
				TARGETED_DEVICE_FAMILY = "1,2";
			};
			name = Debug;
		};
		D5C4874A2AACCD6B0089DE07 /* Release */ = {
			isa = XCBuildConfiguration;
			buildSettings = {
				ASSETCATALOG_COMPILER_APPICON_NAME = AppIcon;
				ASSETCATALOG_COMPILER_GLOBAL_ACCENT_COLOR_NAME = AccentColor;
				CODE_SIGN_STYLE = Automatic;
				CURRENT_PROJECT_VERSION = 1;
				DEVELOPMENT_ASSET_PATHS = "\"DefiLlama/Preview Content\"";
				DEVELOPMENT_TEAM = 6QS339B8S5;
				ENABLE_PREVIEWS = YES;
				GENERATE_INFOPLIST_FILE = YES;
				INFOPLIST_KEY_UIApplicationSceneManifest_Generation = YES;
				INFOPLIST_KEY_UIApplicationSupportsIndirectInputEvents = YES;
				INFOPLIST_KEY_UILaunchScreen_Generation = YES;
				INFOPLIST_KEY_UISupportedInterfaceOrientations_iPad = "UIInterfaceOrientationPortrait UIInterfaceOrientationPortraitUpsideDown UIInterfaceOrientationLandscapeLeft UIInterfaceOrientationLandscapeRight";
				INFOPLIST_KEY_UISupportedInterfaceOrientations_iPhone = "UIInterfaceOrientationPortrait UIInterfaceOrientationLandscapeLeft UIInterfaceOrientationLandscapeRight";
				IPHONEOS_DEPLOYMENT_TARGET = 16.4;
				LD_RUNPATH_SEARCH_PATHS = (
					"$(inherited)",
					"@executable_path/Frameworks",
				);
				MARKETING_VERSION = 1.0;
				PRODUCT_BUNDLE_IDENTIFIER = Exceslsior.Holdings.DefiLlama;
				PRODUCT_NAME = "$(TARGET_NAME)";
				SWIFT_EMIT_LOC_STRINGS = YES;
				SWIFT_VERSION = 5.0;
				TARGETED_DEVICE_FAMILY = "1,2";
			};
			name = Release;
		};
/* End XCBuildConfiguration section */

/* Begin XCConfigurationList section */
		D5C487352AACCD6A0089DE07 /* Build configuration list for PBXProject "DefiLlama" */ = {
			isa = XCConfigurationList;
			buildConfigurations = (
				D5C487462AACCD6B0089DE07 /* Debug */,
				D5C487472AACCD6B0089DE07 /* Release */,
			);
			defaultConfigurationIsVisible = 0;
			defaultConfigurationName = Release;
		};
		D5C487482AACCD6B0089DE07 /* Build configuration list for PBXNativeTarget "DefiLlama" */ = {
			isa = XCConfigurationList;
			buildConfigurations = (
				D5C487492AACCD6B0089DE07 /* Debug */,
				D5C4874A2AACCD6B0089DE07 /* Release */,
			);
			defaultConfigurationIsVisible = 0;
			defaultConfigurationName = Release;
		};
/* End XCConfigurationList section */
	};
	rootObject = D5C487322AACCD6A0089DE07 /* Project object */;
}
